
Microsoft Visual Studio Solution File, Format Version 12.00
# Visual Studio Version 16
VisualStudioVersion = 16.0.29505.145
MinimumVisualStudioVersion = 10.0.40219.1
Project("{9A19103F-16F7-4668-BE54-9A1E7A4F7556}") = "RedisWorkshop", "RedisWorkshop\RedisWorkshop.csproj", "{8941D287-C095-45A9-A7C7-CC3A6E9DF2CD}"
EndProject
Global
	GlobalSection(SolutionConfigurationPlatforms) = preSolution
		Debug|Any CPU = Debug|Any CPU
		Release|Any CPU = Release|Any CPU
	EndGlobalSection
	GlobalSection(ProjectConfigurationPlatforms) = postSolution
		{8941D287-C095-45A9-A7C7-CC3A6E9DF2CD}.Debug|Any CPU.ActiveCfg = Debug|Any CPU
		{8941D287-C095-45A9-A7C7-CC3A6E9DF2CD}.Debug|Any CPU.Build.0 = Debug|Any CPU
		{8941D287-C095-45A9-A7C7-CC3A6E9DF2CD}.Release|Any CPU.ActiveCfg = Release|Any CPU
		{8941D287-C095-45A9-A7C7-CC3A6E9DF2CD}.Release|Any CPU.Build.0 = Release|Any CPU
	EndGlobalSection
	GlobalSection(SolutionProperties) = preSolution
		HideSolutionNode = FALSE
	EndGlobalSection
	GlobalSection(ExtensibilityGlobals) = postSolution
		SolutionGuid = {FE9E3FFB-B95B-4D02-9B34-0157CC9AF7DE}
	EndGlobalSection
EndGlobal
